// !$*UTF8*$!
{
	archiveVersion = 1;
	classes = {
	};
	objectVersion = 52;
	objects = {

/* Begin PBXBuildFile section */
		6F5EFC8823CEFF7F002DDCA4 /* AppDelegate.swift in Sources */ = {isa = PBXBuildFile; fileRef = 6F5EFC8723CEFF7F002DDCA4 /* AppDelegate.swift */; };
		6F5EFC8A23CEFF7F002DDCA4 /* SceneDelegate.swift in Sources */ = {isa = PBXBuildFile; fileRef = 6F5EFC8923CEFF7F002DDCA4 /* SceneDelegate.swift */; };
		6F5EFC8C23CEFF7F002DDCA4 /* SearchView.swift in Sources */ = {isa = PBXBuildFile; fileRef = 6F5EFC8B23CEFF7F002DDCA4 /* SearchView.swift */; };
		6F5EFC8E23CEFF83002DDCA4 /* Assets.xcassets in Resources */ = {isa = PBXBuildFile; fileRef = 6F5EFC8D23CEFF83002DDCA4 /* Assets.xcassets */; };
		6F5EFC9123CEFF83002DDCA4 /* Preview Assets.xcassets in Resources */ = {isa = PBXBuildFile; fileRef = 6F5EFC9023CEFF83002DDCA4 /* Preview Assets.xcassets */; };
		6F5EFC9423CEFF83002DDCA4 /* LaunchScreen.storyboard in Resources */ = {isa = PBXBuildFile; fileRef = 6F5EFC9223CEFF83002DDCA4 /* LaunchScreen.storyboard */; };
		6F5EFC9F23CEFF84002DDCA4 /* TuneSearchTests.swift in Sources */ = {isa = PBXBuildFile; fileRef = 6F5EFC9E23CEFF84002DDCA4 /* TuneSearchTests.swift */; };
		6F5EFCAB23CF3C84002DDCA4 /* BasicCleanArch in Frameworks */ = {isa = PBXBuildFile; productRef = 6F5EFCAA23CF3C84002DDCA4 /* BasicCleanArch */; };
		6F5EFCAE23CF3CFC002DDCA4 /* Alamofire in Frameworks */ = {isa = PBXBuildFile; productRef = 6F5EFCAD23CF3CFC002DDCA4 /* Alamofire */; };
		6F5EFCB423CF3E31002DDCA4 /* TrackEntity.swift in Sources */ = {isa = PBXBuildFile; fileRef = 6F5EFCB323CF3E31002DDCA4 /* TrackEntity.swift */; };
		6F5EFCBB23CF3E4B002DDCA4 /* ResultsEntity.swift in Sources */ = {isa = PBXBuildFile; fileRef = 6F5EFCB623CF3E4B002DDCA4 /* ResultsEntity.swift */; };
		6F5EFCBC23CF3E4B002DDCA4 /* SearchInteractor.swift in Sources */ = {isa = PBXBuildFile; fileRef = 6F5EFCB723CF3E4B002DDCA4 /* SearchInteractor.swift */; };
		6F5EFCBD23CF3E4B002DDCA4 /* SearchRequest.swift in Sources */ = {isa = PBXBuildFile; fileRef = 6F5EFCB823CF3E4B002DDCA4 /* SearchRequest.swift */; };
		6F5EFCBE23CF3E4B002DDCA4 /* TrackPresenter.swift in Sources */ = {isa = PBXBuildFile; fileRef = 6F5EFCB923CF3E4B002DDCA4 /* TrackPresenter.swift */; };
		6F5EFCBF23CF3E4B002DDCA4 /* ITunesSearchGateway.swift in Sources */ = {isa = PBXBuildFile; fileRef = 6F5EFCBA23CF3E4B002DDCA4 /* ITunesSearchGateway.swift */; };
		6F5EFCC223CF3E62002DDCA4 /* TrackViewModel.swift in Sources */ = {isa = PBXBuildFile; fileRef = 6F5EFCC123CF3E62002DDCA4 /* TrackViewModel.swift */; };
		6F5EFCC523CF3E93002DDCA4 /* Localizable.strings in Resources */ = {isa = PBXBuildFile; fileRef = 6F5EFCC723CF3E93002DDCA4 /* Localizable.strings */; };
		6F5EFCCA23CF3F0F002DDCA4 /* ITunesSearchGatewayTests.swift in Sources */ = {isa = PBXBuildFile; fileRef = 6F5EFCC923CF3F0F002DDCA4 /* ITunesSearchGatewayTests.swift */; };
		6F5EFCCC23CF4D1C002DDCA4 /* TracksListView.swift in Sources */ = {isa = PBXBuildFile; fileRef = 6F5EFCCB23CF4D1C002DDCA4 /* TracksListView.swift */; };
		6F5EFCCE23CF5DE9002DDCA4 /* CollectionsViewModel.swift in Sources */ = {isa = PBXBuildFile; fileRef = 6F5EFCCD23CF5DE9002DDCA4 /* CollectionsViewModel.swift */; };
		6FA41AA725891F36001F7674 /* SearchTermDTO.swift in Sources */ = {isa = PBXBuildFile; fileRef = 6FA41AA625891F36001F7674 /* SearchTermDTO.swift */; };
		6FBFA76F23D6299D00DEE6E8 /* Settings.bundle in Resources */ = {isa = PBXBuildFile; fileRef = 6FBFA76E23D6299D00DEE6E8 /* Settings.bundle */; };
		6FCDC41123D03A4B00DCC8D6 /* TrackRow.swift in Sources */ = {isa = PBXBuildFile; fileRef = 6FCDC41023D03A4B00DCC8D6 /* TrackRow.swift */; };
		6FCDC41323D03B4100DCC8D6 /* CollectionViewModel.swift in Sources */ = {isa = PBXBuildFile; fileRef = 6FCDC41223D03B4100DCC8D6 /* CollectionViewModel.swift */; };
		6FCDC41623D0511200DCC8D6 /* URLImage in Frameworks */ = {isa = PBXBuildFile; productRef = 6FCDC41523D0511200DCC8D6 /* URLImage */; };
		6FCDC41823D051D100DCC8D6 /* CollectionsPresenter.swift in Sources */ = {isa = PBXBuildFile; fileRef = 6FCDC41723D051D100DCC8D6 /* CollectionsPresenter.swift */; };
		6FE154A4257AE3BD006D1297 /* TunesearchMockCore in Frameworks */ = {isa = PBXBuildFile; productRef = 6FE154A3257AE3BD006D1297 /* TunesearchMockCore */; };
/* End PBXBuildFile section */

/* Begin PBXContainerItemProxy section */
		6F5EFC9B23CEFF84002DDCA4 /* PBXContainerItemProxy */ = {
			isa = PBXContainerItemProxy;
			containerPortal = 6F5EFC7C23CEFF7F002DDCA4 /* Project object */;
			proxyType = 1;
			remoteGlobalIDString = 6F5EFC8323CEFF7F002DDCA4;
			remoteInfo = TuneSearch;
		};
/* End PBXContainerItemProxy section */

/* Begin PBXFileReference section */
		6F5EFC8423CEFF7F002DDCA4 /* TuneSearch.app */ = {isa = PBXFileReference; explicitFileType = wrapper.application; includeInIndex = 0; path = TuneSearch.app; sourceTree = BUILT_PRODUCTS_DIR; };
		6F5EFC8723CEFF7F002DDCA4 /* AppDelegate.swift */ = {isa = PBXFileReference; lastKnownFileType = sourcecode.swift; path = AppDelegate.swift; sourceTree = "<group>"; };
		6F5EFC8923CEFF7F002DDCA4 /* SceneDelegate.swift */ = {isa = PBXFileReference; lastKnownFileType = sourcecode.swift; path = SceneDelegate.swift; sourceTree = "<group>"; };
		6F5EFC8B23CEFF7F002DDCA4 /* SearchView.swift */ = {isa = PBXFileReference; lastKnownFileType = sourcecode.swift; path = SearchView.swift; sourceTree = "<group>"; };
		6F5EFC8D23CEFF83002DDCA4 /* Assets.xcassets */ = {isa = PBXFileReference; lastKnownFileType = folder.assetcatalog; path = Assets.xcassets; sourceTree = "<group>"; };
		6F5EFC9023CEFF83002DDCA4 /* Preview Assets.xcassets */ = {isa = PBXFileReference; lastKnownFileType = folder.assetcatalog; path = "Preview Assets.xcassets"; sourceTree = "<group>"; };
		6F5EFC9323CEFF83002DDCA4 /* Base */ = {isa = PBXFileReference; lastKnownFileType = file.storyboard; name = Base; path = Base.lproj/LaunchScreen.storyboard; sourceTree = "<group>"; };
		6F5EFC9523CEFF83002DDCA4 /* Info.plist */ = {isa = PBXFileReference; lastKnownFileType = text.plist.xml; path = Info.plist; sourceTree = "<group>"; };
		6F5EFC9A23CEFF84002DDCA4 /* TuneSearchTests.xctest */ = {isa = PBXFileReference; explicitFileType = wrapper.cfbundle; includeInIndex = 0; path = TuneSearchTests.xctest; sourceTree = BUILT_PRODUCTS_DIR; };
		6F5EFC9E23CEFF84002DDCA4 /* TuneSearchTests.swift */ = {isa = PBXFileReference; lastKnownFileType = sourcecode.swift; path = TuneSearchTests.swift; sourceTree = "<group>"; };
		6F5EFCA023CEFF84002DDCA4 /* Info.plist */ = {isa = PBXFileReference; lastKnownFileType = text.plist.xml; path = Info.plist; sourceTree = "<group>"; };
		6F5EFCB323CF3E31002DDCA4 /* TrackEntity.swift */ = {isa = PBXFileReference; fileEncoding = 4; lastKnownFileType = sourcecode.swift; path = TrackEntity.swift; sourceTree = "<group>"; };
		6F5EFCB623CF3E4B002DDCA4 /* ResultsEntity.swift */ = {isa = PBXFileReference; fileEncoding = 4; lastKnownFileType = sourcecode.swift; path = ResultsEntity.swift; sourceTree = "<group>"; };
		6F5EFCB723CF3E4B002DDCA4 /* SearchInteractor.swift */ = {isa = PBXFileReference; fileEncoding = 4; lastKnownFileType = sourcecode.swift; path = SearchInteractor.swift; sourceTree = "<group>"; };
		6F5EFCB823CF3E4B002DDCA4 /* SearchRequest.swift */ = {isa = PBXFileReference; fileEncoding = 4; lastKnownFileType = sourcecode.swift; path = SearchRequest.swift; sourceTree = "<group>"; };
		6F5EFCB923CF3E4B002DDCA4 /* TrackPresenter.swift */ = {isa = PBXFileReference; fileEncoding = 4; lastKnownFileType = sourcecode.swift; path = TrackPresenter.swift; sourceTree = "<group>"; };
		6F5EFCBA23CF3E4B002DDCA4 /* ITunesSearchGateway.swift */ = {isa = PBXFileReference; fileEncoding = 4; lastKnownFileType = sourcecode.swift; path = ITunesSearchGateway.swift; sourceTree = "<group>"; };
		6F5EFCC123CF3E62002DDCA4 /* TrackViewModel.swift */ = {isa = PBXFileReference; fileEncoding = 4; lastKnownFileType = sourcecode.swift; path = TrackViewModel.swift; sourceTree = "<group>"; };
		6F5EFCC623CF3E93002DDCA4 /* en */ = {isa = PBXFileReference; lastKnownFileType = text.plist.strings; name = en; path = en.lproj/Localizable.strings; sourceTree = "<group>"; };
		6F5EFCC823CF3EAF002DDCA4 /* de */ = {isa = PBXFileReference; lastKnownFileType = text.plist.strings; name = de; path = de.lproj/Localizable.strings; sourceTree = "<group>"; };
		6F5EFCC923CF3F0F002DDCA4 /* ITunesSearchGatewayTests.swift */ = {isa = PBXFileReference; fileEncoding = 4; lastKnownFileType = sourcecode.swift; path = ITunesSearchGatewayTests.swift; sourceTree = "<group>"; };
		6F5EFCCB23CF4D1C002DDCA4 /* TracksListView.swift */ = {isa = PBXFileReference; lastKnownFileType = sourcecode.swift; path = TracksListView.swift; sourceTree = "<group>"; };
		6F5EFCCD23CF5DE9002DDCA4 /* CollectionsViewModel.swift */ = {isa = PBXFileReference; lastKnownFileType = sourcecode.swift; path = CollectionsViewModel.swift; sourceTree = "<group>"; };
		6FA41AA625891F36001F7674 /* SearchTermDTO.swift */ = {isa = PBXFileReference; lastKnownFileType = sourcecode.swift; path = SearchTermDTO.swift; sourceTree = "<group>"; };
		6FBFA76E23D6299D00DEE6E8 /* Settings.bundle */ = {isa = PBXFileReference; lastKnownFileType = "wrapper.plug-in"; path = Settings.bundle; sourceTree = "<group>"; };
		6FCDC41023D03A4B00DCC8D6 /* TrackRow.swift */ = {isa = PBXFileReference; fileEncoding = 4; lastKnownFileType = sourcecode.swift; path = TrackRow.swift; sourceTree = "<group>"; };
		6FCDC41223D03B4100DCC8D6 /* CollectionViewModel.swift */ = {isa = PBXFileReference; lastKnownFileType = sourcecode.swift; path = CollectionViewModel.swift; sourceTree = "<group>"; };
		6FCDC41723D051D100DCC8D6 /* CollectionsPresenter.swift */ = {isa = PBXFileReference; lastKnownFileType = sourcecode.swift; path = CollectionsPresenter.swift; sourceTree = "<group>"; };
/* End PBXFileReference section */

/* Begin PBXFrameworksBuildPhase section */
		6F5EFC8123CEFF7F002DDCA4 /* Frameworks */ = {
			isa = PBXFrameworksBuildPhase;
			buildActionMask = 2147483647;
			files = (
				6F5EFCAB23CF3C84002DDCA4 /* BasicCleanArch in Frameworks */,
				6F5EFCAE23CF3CFC002DDCA4 /* Alamofire in Frameworks */,
				6FCDC41623D0511200DCC8D6 /* URLImage in Frameworks */,
				6FE154A4257AE3BD006D1297 /* TunesearchMockCore in Frameworks */,
			);
			runOnlyForDeploymentPostprocessing = 0;
		};
		6F5EFC9723CEFF84002DDCA4 /* Frameworks */ = {
			isa = PBXFrameworksBuildPhase;
			buildActionMask = 2147483647;
			files = (
			);
			runOnlyForDeploymentPostprocessing = 0;
		};
/* End PBXFrameworksBuildPhase section */

/* Begin PBXGroup section */
		6F5EFC7B23CEFF7F002DDCA4 = {
			isa = PBXGroup;
			children = (
				6F5EFC8623CEFF7F002DDCA4 /* TuneSearch */,
				6F5EFC9D23CEFF84002DDCA4 /* TuneSearchTests */,
				6F5EFC8523CEFF7F002DDCA4 /* Products */,
			);
			sourceTree = "<group>";
		};
		6F5EFC8523CEFF7F002DDCA4 /* Products */ = {
			isa = PBXGroup;
			children = (
				6F5EFC8423CEFF7F002DDCA4 /* TuneSearch.app */,
				6F5EFC9A23CEFF84002DDCA4 /* TuneSearchTests.xctest */,
			);
			name = Products;
			sourceTree = "<group>";
		};
		6F5EFC8623CEFF7F002DDCA4 /* TuneSearch */ = {
			isa = PBXGroup;
			children = (
				6F5EFCC723CF3E93002DDCA4 /* Localizable.strings */,
				6F5EFCC023CF3E53002DDCA4 /* Display */,
				6F5EFCB523CF3E38002DDCA4 /* Search */,
				6F5EFCB223CF3E26002DDCA4 /* Common */,
				6F5EFC8723CEFF7F002DDCA4 /* AppDelegate.swift */,
				6F5EFC8923CEFF7F002DDCA4 /* SceneDelegate.swift */,
				6F5EFC8D23CEFF83002DDCA4 /* Assets.xcassets */,
				6F5EFC9223CEFF83002DDCA4 /* LaunchScreen.storyboard */,
				6F5EFC9523CEFF83002DDCA4 /* Info.plist */,
				6F5EFC8F23CEFF83002DDCA4 /* Preview Content */,
				6FBFA76E23D6299D00DEE6E8 /* Settings.bundle */,
			);
			path = TuneSearch;
			sourceTree = "<group>";
		};
		6F5EFC8F23CEFF83002DDCA4 /* Preview Content */ = {
			isa = PBXGroup;
			children = (
				6F5EFC9023CEFF83002DDCA4 /* Preview Assets.xcassets */,
			);
			path = "Preview Content";
			sourceTree = "<group>";
		};
		6F5EFC9D23CEFF84002DDCA4 /* TuneSearchTests */ = {
			isa = PBXGroup;
			children = (
				6F5EFC9E23CEFF84002DDCA4 /* TuneSearchTests.swift */,
				6F5EFCC923CF3F0F002DDCA4 /* ITunesSearchGatewayTests.swift */,
				6F5EFCA023CEFF84002DDCA4 /* Info.plist */,
			);
			path = TuneSearchTests;
			sourceTree = "<group>";
		};
		6F5EFCB223CF3E26002DDCA4 /* Common */ = {
			isa = PBXGroup;
			children = (
				6F5EFCB323CF3E31002DDCA4 /* TrackEntity.swift */,
			);
			path = Common;
			sourceTree = "<group>";
		};
		6F5EFCB523CF3E38002DDCA4 /* Search */ = {
			isa = PBXGroup;
			children = (
				6F5EFC8B23CEFF7F002DDCA4 /* SearchView.swift */,
				6F5EFCB723CF3E4B002DDCA4 /* SearchInteractor.swift */,
				6F5EFCBA23CF3E4B002DDCA4 /* ITunesSearchGateway.swift */,
				6F5EFCB623CF3E4B002DDCA4 /* ResultsEntity.swift */,
				6F5EFCB823CF3E4B002DDCA4 /* SearchRequest.swift */,
				6F5EFCB923CF3E4B002DDCA4 /* TrackPresenter.swift */,
				6FCDC41723D051D100DCC8D6 /* CollectionsPresenter.swift */,
				6FA41AA625891F36001F7674 /* SearchTermDTO.swift */,
			);
			path = Search;
			sourceTree = "<group>";
		};
		6F5EFCC023CF3E53002DDCA4 /* Display */ = {
			isa = PBXGroup;
			children = (
				6F5EFCC123CF3E62002DDCA4 /* TrackViewModel.swift */,
				6F5EFCCB23CF4D1C002DDCA4 /* TracksListView.swift */,
				6F5EFCCD23CF5DE9002DDCA4 /* CollectionsViewModel.swift */,
				6FCDC41023D03A4B00DCC8D6 /* TrackRow.swift */,
				6FCDC41223D03B4100DCC8D6 /* CollectionViewModel.swift */,
			);
			path = Display;
			sourceTree = "<group>";
		};
/* End PBXGroup section */

/* Begin PBXNativeTarget section */
		6F5EFC8323CEFF7F002DDCA4 /* TuneSearch */ = {
			isa = PBXNativeTarget;
			buildConfigurationList = 6F5EFCA323CEFF84002DDCA4 /* Build configuration list for PBXNativeTarget "TuneSearch" */;
			buildPhases = (
				6F5EFC8023CEFF7F002DDCA4 /* Sources */,
				6F5EFC8123CEFF7F002DDCA4 /* Frameworks */,
				6F5EFC8223CEFF7F002DDCA4 /* Resources */,
			);
			buildRules = (
			);
			dependencies = (
			);
			name = TuneSearch;
			packageProductDependencies = (
				6F5EFCAA23CF3C84002DDCA4 /* BasicCleanArch */,
				6F5EFCAD23CF3CFC002DDCA4 /* Alamofire */,
				6FCDC41523D0511200DCC8D6 /* URLImage */,
				6FE154A3257AE3BD006D1297 /* TunesearchMockCore */,
			);
			productName = TuneSearch;
			productReference = 6F5EFC8423CEFF7F002DDCA4 /* TuneSearch.app */;
			productType = "com.apple.product-type.application";
		};
		6F5EFC9923CEFF84002DDCA4 /* TuneSearchTests */ = {
			isa = PBXNativeTarget;
			buildConfigurationList = 6F5EFCA623CEFF84002DDCA4 /* Build configuration list for PBXNativeTarget "TuneSearchTests" */;
			buildPhases = (
				6F5EFC9623CEFF84002DDCA4 /* Sources */,
				6F5EFC9723CEFF84002DDCA4 /* Frameworks */,
				6F5EFC9823CEFF84002DDCA4 /* Resources */,
			);
			buildRules = (
			);
			dependencies = (
				6F5EFC9C23CEFF84002DDCA4 /* PBXTargetDependency */,
			);
			name = TuneSearchTests;
			productName = TuneSearchTests;
			productReference = 6F5EFC9A23CEFF84002DDCA4 /* TuneSearchTests.xctest */;
			productType = "com.apple.product-type.bundle.unit-test";
		};
/* End PBXNativeTarget section */

/* Begin PBXProject section */
		6F5EFC7C23CEFF7F002DDCA4 /* Project object */ = {
			isa = PBXProject;
			attributes = {
				LastSwiftUpdateCheck = 1120;
				LastUpgradeCheck = 1120;
				ORGANIZATIONNAME = "Hochschule Hamm-Lippstadt";
				TargetAttributes = {
					6F5EFC8323CEFF7F002DDCA4 = {
						CreatedOnToolsVersion = 11.2.1;
					};
					6F5EFC9923CEFF84002DDCA4 = {
						CreatedOnToolsVersion = 11.2.1;
						TestTargetID = 6F5EFC8323CEFF7F002DDCA4;
					};
				};
			};
			buildConfigurationList = 6F5EFC7F23CEFF7F002DDCA4 /* Build configuration list for PBXProject "TuneSearch" */;
			compatibilityVersion = "Xcode 9.3";
			developmentRegion = en;
			hasScannedForEncodings = 0;
			knownRegions = (
				en,
				Base,
				de,
			);
			mainGroup = 6F5EFC7B23CEFF7F002DDCA4;
			packageReferences = (
				6F5EFCA923CF3C84002DDCA4 /* XCRemoteSwiftPackageReference "basiccleanarch-cocoapod" */,
				6F5EFCAC23CF3CFC002DDCA4 /* XCRemoteSwiftPackageReference "Alamofire" */,
				6FCDC41423D0511200DCC8D6 /* XCRemoteSwiftPackageReference "url-image" */,
				6FE154A2257AE3BD006D1297 /* XCRemoteSwiftPackageReference "explicitarchitecture-tunesearch-mockcore-spm" */,
			);
			productRefGroup = 6F5EFC8523CEFF7F002DDCA4 /* Products */;
			projectDirPath = "";
			projectRoot = "";
			targets = (
				6F5EFC8323CEFF7F002DDCA4 /* TuneSearch */,
				6F5EFC9923CEFF84002DDCA4 /* TuneSearchTests */,
			);
		};
/* End PBXProject section */

/* Begin PBXResourcesBuildPhase section */
		6F5EFC8223CEFF7F002DDCA4 /* Resources */ = {
			isa = PBXResourcesBuildPhase;
			buildActionMask = 2147483647;
			files = (
				6F5EFC9423CEFF83002DDCA4 /* LaunchScreen.storyboard in Resources */,
				6F5EFCC523CF3E93002DDCA4 /* Localizable.strings in Resources */,
				6FBFA76F23D6299D00DEE6E8 /* Settings.bundle in Resources */,
				6F5EFC9123CEFF83002DDCA4 /* Preview Assets.xcassets in Resources */,
				6F5EFC8E23CEFF83002DDCA4 /* Assets.xcassets in Resources */,
			);
			runOnlyForDeploymentPostprocessing = 0;
		};
		6F5EFC9823CEFF84002DDCA4 /* Resources */ = {
			isa = PBXResourcesBuildPhase;
			buildActionMask = 2147483647;
			files = (
			);
			runOnlyForDeploymentPostprocessing = 0;
		};
/* End PBXResourcesBuildPhase section */

/* Begin PBXSourcesBuildPhase section */
		6F5EFC8023CEFF7F002DDCA4 /* Sources */ = {
			isa = PBXSourcesBuildPhase;
			buildActionMask = 2147483647;
			files = (
				6F5EFCBC23CF3E4B002DDCA4 /* SearchInteractor.swift in Sources */,
				6F5EFC8823CEFF7F002DDCA4 /* AppDelegate.swift in Sources */,
				6FCDC41323D03B4100DCC8D6 /* CollectionViewModel.swift in Sources */,
				6FA41AA725891F36001F7674 /* SearchTermDTO.swift in Sources */,
				6F5EFCBF23CF3E4B002DDCA4 /* ITunesSearchGateway.swift in Sources */,
				6F5EFC8A23CEFF7F002DDCA4 /* SceneDelegate.swift in Sources */,
				6FCDC41823D051D100DCC8D6 /* CollectionsPresenter.swift in Sources */,
				6F5EFCB423CF3E31002DDCA4 /* TrackEntity.swift in Sources */,
				6F5EFCBE23CF3E4B002DDCA4 /* TrackPresenter.swift in Sources */,
				6F5EFCC223CF3E62002DDCA4 /* TrackViewModel.swift in Sources */,
				6FCDC41123D03A4B00DCC8D6 /* TrackRow.swift in Sources */,
				6F5EFCBD23CF3E4B002DDCA4 /* SearchRequest.swift in Sources */,
				6F5EFCCE23CF5DE9002DDCA4 /* CollectionsViewModel.swift in Sources */,
				6F5EFCBB23CF3E4B002DDCA4 /* ResultsEntity.swift in Sources */,
				6F5EFCCC23CF4D1C002DDCA4 /* TracksListView.swift in Sources */,
				6F5EFC8C23CEFF7F002DDCA4 /* SearchView.swift in Sources */,
			);
			runOnlyForDeploymentPostprocessing = 0;
		};
		6F5EFC9623CEFF84002DDCA4 /* Sources */ = {
			isa = PBXSourcesBuildPhase;
			buildActionMask = 2147483647;
			files = (
				6F5EFCCA23CF3F0F002DDCA4 /* ITunesSearchGatewayTests.swift in Sources */,
				6F5EFC9F23CEFF84002DDCA4 /* TuneSearchTests.swift in Sources */,
			);
			runOnlyForDeploymentPostprocessing = 0;
		};
/* End PBXSourcesBuildPhase section */

/* Begin PBXTargetDependency section */
		6F5EFC9C23CEFF84002DDCA4 /* PBXTargetDependency */ = {
			isa = PBXTargetDependency;
			target = 6F5EFC8323CEFF7F002DDCA4 /* TuneSearch */;
			targetProxy = 6F5EFC9B23CEFF84002DDCA4 /* PBXContainerItemProxy */;
		};
/* End PBXTargetDependency section */

/* Begin PBXVariantGroup section */
		6F5EFC9223CEFF83002DDCA4 /* LaunchScreen.storyboard */ = {
			isa = PBXVariantGroup;
			children = (
				6F5EFC9323CEFF83002DDCA4 /* Base */,
			);
			name = LaunchScreen.storyboard;
			sourceTree = "<group>";
		};
		6F5EFCC723CF3E93002DDCA4 /* Localizable.strings */ = {
			isa = PBXVariantGroup;
			children = (
				6F5EFCC623CF3E93002DDCA4 /* en */,
				6F5EFCC823CF3EAF002DDCA4 /* de */,
			);
			name = Localizable.strings;
			sourceTree = "<group>";
		};
/* End PBXVariantGroup section */

/* Begin XCBuildConfiguration section */
		6F5EFCA123CEFF84002DDCA4 /* Debug */ = {
			isa = XCBuildConfiguration;
			buildSettings = {
				ALWAYS_SEARCH_USER_PATHS = NO;
				CLANG_ANALYZER_LOCALIZABILITY_NONLOCALIZED = YES;
				CLANG_ANALYZER_NONNULL = YES;
				CLANG_ANALYZER_NUMBER_OBJECT_CONVERSION = YES_AGGRESSIVE;
				CLANG_CXX_LANGUAGE_STANDARD = "gnu++14";
				CLANG_CXX_LIBRARY = "libc++";
				CLANG_ENABLE_MODULES = YES;
				CLANG_ENABLE_OBJC_ARC = YES;
				CLANG_ENABLE_OBJC_WEAK = YES;
				CLANG_WARN_BLOCK_CAPTURE_AUTORELEASING = YES;
				CLANG_WARN_BOOL_CONVERSION = YES;
				CLANG_WARN_COMMA = YES;
				CLANG_WARN_CONSTANT_CONVERSION = YES;
				CLANG_WARN_DEPRECATED_OBJC_IMPLEMENTATIONS = YES;
				CLANG_WARN_DIRECT_OBJC_ISA_USAGE = YES_ERROR;
				CLANG_WARN_DOCUMENTATION_COMMENTS = YES;
				CLANG_WARN_EMPTY_BODY = YES;
				CLANG_WARN_ENUM_CONVERSION = YES;
				CLANG_WARN_INFINITE_RECURSION = YES;
				CLANG_WARN_INT_CONVERSION = YES;
				CLANG_WARN_NON_LITERAL_NULL_CONVERSION = YES;
				CLANG_WARN_OBJC_IMPLICIT_RETAIN_SELF = YES;
				CLANG_WARN_OBJC_LITERAL_CONVERSION = YES;
				CLANG_WARN_OBJC_ROOT_CLASS = YES_ERROR;
				CLANG_WARN_RANGE_LOOP_ANALYSIS = YES;
				CLANG_WARN_STRICT_PROTOTYPES = YES;
				CLANG_WARN_SUSPICIOUS_MOVE = YES;
				CLANG_WARN_UNGUARDED_AVAILABILITY = YES_AGGRESSIVE;
				CLANG_WARN_UNREACHABLE_CODE = YES;
				CLANG_WARN__DUPLICATE_METHOD_MATCH = YES;
				COPY_PHASE_STRIP = NO;
				DEBUG_INFORMATION_FORMAT = dwarf;
				ENABLE_STRICT_OBJC_MSGSEND = YES;
				ENABLE_TESTABILITY = YES;
				GCC_C_LANGUAGE_STANDARD = gnu11;
				GCC_DYNAMIC_NO_PIC = NO;
				GCC_NO_COMMON_BLOCKS = YES;
				GCC_OPTIMIZATION_LEVEL = 0;
				GCC_PREPROCESSOR_DEFINITIONS = (
					"DEBUG=1",
					"$(inherited)",
				);
				GCC_WARN_64_TO_32_BIT_CONVERSION = YES;
				GCC_WARN_ABOUT_RETURN_TYPE = YES_ERROR;
				GCC_WARN_UNDECLARED_SELECTOR = YES;
				GCC_WARN_UNINITIALIZED_AUTOS = YES_AGGRESSIVE;
				GCC_WARN_UNUSED_FUNCTION = YES;
				GCC_WARN_UNUSED_VARIABLE = YES;
				IPHONEOS_DEPLOYMENT_TARGET = 13.2;
				MTL_ENABLE_DEBUG_INFO = INCLUDE_SOURCE;
				MTL_FAST_MATH = YES;
				ONLY_ACTIVE_ARCH = YES;
				SDKROOT = iphoneos;
				SWIFT_ACTIVE_COMPILATION_CONDITIONS = DEBUG;
				SWIFT_OPTIMIZATION_LEVEL = "-Onone";
			};
			name = Debug;
		};
		6F5EFCA223CEFF84002DDCA4 /* Release */ = {
			isa = XCBuildConfiguration;
			buildSettings = {
				ALWAYS_SEARCH_USER_PATHS = NO;
				CLANG_ANALYZER_LOCALIZABILITY_NONLOCALIZED = YES;
				CLANG_ANALYZER_NONNULL = YES;
				CLANG_ANALYZER_NUMBER_OBJECT_CONVERSION = YES_AGGRESSIVE;
				CLANG_CXX_LANGUAGE_STANDARD = "gnu++14";
				CLANG_CXX_LIBRARY = "libc++";
				CLANG_ENABLE_MODULES = YES;
				CLANG_ENABLE_OBJC_ARC = YES;
				CLANG_ENABLE_OBJC_WEAK = YES;
				CLANG_WARN_BLOCK_CAPTURE_AUTORELEASING = YES;
				CLANG_WARN_BOOL_CONVERSION = YES;
				CLANG_WARN_COMMA = YES;
				CLANG_WARN_CONSTANT_CONVERSION = YES;
				CLANG_WARN_DEPRECATED_OBJC_IMPLEMENTATIONS = YES;
				CLANG_WARN_DIRECT_OBJC_ISA_USAGE = YES_ERROR;
				CLANG_WARN_DOCUMENTATION_COMMENTS = YES;
				CLANG_WARN_EMPTY_BODY = YES;
				CLANG_WARN_ENUM_CONVERSION = YES;
				CLANG_WARN_INFINITE_RECURSION = YES;
				CLANG_WARN_INT_CONVERSION = YES;
				CLANG_WARN_NON_LITERAL_NULL_CONVERSION = YES;
				CLANG_WARN_OBJC_IMPLICIT_RETAIN_SELF = YES;
				CLANG_WARN_OBJC_LITERAL_CONVERSION = YES;
				CLANG_WARN_OBJC_ROOT_CLASS = YES_ERROR;
				CLANG_WARN_RANGE_LOOP_ANALYSIS = YES;
				CLANG_WARN_STRICT_PROTOTYPES = YES;
				CLANG_WARN_SUSPICIOUS_MOVE = YES;
				CLANG_WARN_UNGUARDED_AVAILABILITY = YES_AGGRESSIVE;
				CLANG_WARN_UNREACHABLE_CODE = YES;
				CLANG_WARN__DUPLICATE_METHOD_MATCH = YES;
				COPY_PHASE_STRIP = NO;
				DEBUG_INFORMATION_FORMAT = "dwarf-with-dsym";
				ENABLE_NS_ASSERTIONS = NO;
				ENABLE_STRICT_OBJC_MSGSEND = YES;
				GCC_C_LANGUAGE_STANDARD = gnu11;
				GCC_NO_COMMON_BLOCKS = YES;
				GCC_WARN_64_TO_32_BIT_CONVERSION = YES;
				GCC_WARN_ABOUT_RETURN_TYPE = YES_ERROR;
				GCC_WARN_UNDECLARED_SELECTOR = YES;
				GCC_WARN_UNINITIALIZED_AUTOS = YES_AGGRESSIVE;
				GCC_WARN_UNUSED_FUNCTION = YES;
				GCC_WARN_UNUSED_VARIABLE = YES;
				IPHONEOS_DEPLOYMENT_TARGET = 13.2;
				MTL_ENABLE_DEBUG_INFO = NO;
				MTL_FAST_MATH = YES;
				SDKROOT = iphoneos;
				SWIFT_COMPILATION_MODE = wholemodule;
				SWIFT_OPTIMIZATION_LEVEL = "-O";
				VALIDATE_PRODUCT = YES;
			};
			name = Release;
		};
		6F5EFCA423CEFF84002DDCA4 /* Debug */ = {
			isa = XCBuildConfiguration;
			buildSettings = {
				ASSETCATALOG_COMPILER_APPICON_NAME = AppIcon;
				CODE_SIGN_STYLE = Automatic;
				DEVELOPMENT_ASSET_PATHS = "\"TuneSearch/Preview Content\"";
				DEVELOPMENT_TEAM = YKW4K6F98F;
				ENABLE_PREVIEWS = YES;
				INFOPLIST_FILE = TuneSearch/Info.plist;
				LD_RUNPATH_SEARCH_PATHS = (
					"$(inherited)",
					"@executable_path/Frameworks",
				);
				PRODUCT_BUNDLE_IDENTIFIER = de.hshl.isd.TuneSearch;
				PRODUCT_NAME = "$(TARGET_NAME)";
				SWIFT_VERSION = 5.0;
				TARGETED_DEVICE_FAMILY = "1,2";
			};
			name = Debug;
		};
		6F5EFCA523CEFF84002DDCA4 /* Release */ = {
			isa = XCBuildConfiguration;
			buildSettings = {
				ASSETCATALOG_COMPILER_APPICON_NAME = AppIcon;
				CODE_SIGN_STYLE = Automatic;
				DEVELOPMENT_ASSET_PATHS = "\"TuneSearch/Preview Content\"";
				DEVELOPMENT_TEAM = YKW4K6F98F;
				ENABLE_PREVIEWS = YES;
				INFOPLIST_FILE = TuneSearch/Info.plist;
				LD_RUNPATH_SEARCH_PATHS = (
					"$(inherited)",
					"@executable_path/Frameworks",
				);
				PRODUCT_BUNDLE_IDENTIFIER = de.hshl.isd.TuneSearch;
				PRODUCT_NAME = "$(TARGET_NAME)";
				SWIFT_VERSION = 5.0;
				TARGETED_DEVICE_FAMILY = "1,2";
			};
			name = Release;
		};
		6F5EFCA723CEFF84002DDCA4 /* Debug */ = {
			isa = XCBuildConfiguration;
			buildSettings = {
				ALWAYS_EMBED_SWIFT_STANDARD_LIBRARIES = YES;
				BUNDLE_LOADER = "$(TEST_HOST)";
				CODE_SIGN_STYLE = Automatic;
				DEVELOPMENT_TEAM = YKW4K6F98F;
				INFOPLIST_FILE = TuneSearchTests/Info.plist;
				IPHONEOS_DEPLOYMENT_TARGET = 13.2;
				LD_RUNPATH_SEARCH_PATHS = (
					"$(inherited)",
					"@executable_path/Frameworks",
					"@loader_path/Frameworks",
				);
				PRODUCT_BUNDLE_IDENTIFIER = de.hshl.isd.TuneSearchTests;
				PRODUCT_NAME = "$(TARGET_NAME)";
				SWIFT_VERSION = 5.0;
				TARGETED_DEVICE_FAMILY = "1,2";
				TEST_HOST = "$(BUILT_PRODUCTS_DIR)/TuneSearch.app/TuneSearch";
			};
			name = Debug;
		};
		6F5EFCA823CEFF84002DDCA4 /* Release */ = {
			isa = XCBuildConfiguration;
			buildSettings = {
				ALWAYS_EMBED_SWIFT_STANDARD_LIBRARIES = YES;
				BUNDLE_LOADER = "$(TEST_HOST)";
				CODE_SIGN_STYLE = Automatic;
				DEVELOPMENT_TEAM = YKW4K6F98F;
				INFOPLIST_FILE = TuneSearchTests/Info.plist;
				IPHONEOS_DEPLOYMENT_TARGET = 13.2;
				LD_RUNPATH_SEARCH_PATHS = (
					"$(inherited)",
					"@executable_path/Frameworks",
					"@loader_path/Frameworks",
				);
				PRODUCT_BUNDLE_IDENTIFIER = de.hshl.isd.TuneSearchTests;
				PRODUCT_NAME = "$(TARGET_NAME)";
				SWIFT_VERSION = 5.0;
				TARGETED_DEVICE_FAMILY = "1,2";
				TEST_HOST = "$(BUILT_PRODUCTS_DIR)/TuneSearch.app/TuneSearch";
			};
			name = Release;
		};
/* End XCBuildConfiguration section */

/* Begin XCConfigurationList section */
		6F5EFC7F23CEFF7F002DDCA4 /* Build configuration list for PBXProject "TuneSearch" */ = {
			isa = XCConfigurationList;
			buildConfigurations = (
				6F5EFCA123CEFF84002DDCA4 /* Debug */,
				6F5EFCA223CEFF84002DDCA4 /* Release */,
			);
			defaultConfigurationIsVisible = 0;
			defaultConfigurationName = Release;
		};
		6F5EFCA323CEFF84002DDCA4 /* Build configuration list for PBXNativeTarget "TuneSearch" */ = {
			isa = XCConfigurationList;
			buildConfigurations = (
				6F5EFCA423CEFF84002DDCA4 /* Debug */,
				6F5EFCA523CEFF84002DDCA4 /* Release */,
			);
			defaultConfigurationIsVisible = 0;
			defaultConfigurationName = Release;
		};
		6F5EFCA623CEFF84002DDCA4 /* Build configuration list for PBXNativeTarget "TuneSearchTests" */ = {
			isa = XCConfigurationList;
			buildConfigurations = (
				6F5EFCA723CEFF84002DDCA4 /* Debug */,
				6F5EFCA823CEFF84002DDCA4 /* Release */,
			);
			defaultConfigurationIsVisible = 0;
			defaultConfigurationName = Release;
		};
/* End XCConfigurationList section */

/* Begin XCRemoteSwiftPackageReference section */
		6F5EFCA923CF3C84002DDCA4 /* XCRemoteSwiftPackageReference "basiccleanarch-cocoapod" */ = {
			isa = XCRemoteSwiftPackageReference;
			repositoryURL = "https://github.com/RobinNunkesser/basiccleanarch-cocoapod";
			requirement = {
				kind = upToNextMajorVersion;
				minimumVersion = 5.2.1;
			};
		};
		6F5EFCAC23CF3CFC002DDCA4 /* XCRemoteSwiftPackageReference "Alamofire" */ = {
			isa = XCRemoteSwiftPackageReference;
			repositoryURL = "https://github.com/Alamofire/Alamofire";
			requirement = {
				kind = upToNextMajorVersion;
				minimumVersion = "5.0.0-rc.3";
			};
		};
		6FCDC41423D0511200DCC8D6 /* XCRemoteSwiftPackageReference "url-image" */ = {
			isa = XCRemoteSwiftPackageReference;
			repositoryURL = "https://github.com/dmytro-anokhin/url-image";
			requirement = {
				kind = upToNextMajorVersion;
				minimumVersion = 0.9.9;
			};
		};
		6FE154A2257AE3BD006D1297 /* XCRemoteSwiftPackageReference "explicitarchitecture-tunesearch-mockcore-spm" */ = {
			isa = XCRemoteSwiftPackageReference;
			repositoryURL = "https://github.com/RobinNunkesser/explicitarchitecture-tunesearch-mockcore-spm.git";
			requirement = {
				kind = upToNextMajorVersion;
				minimumVersion = 0.0.2;
			};
		};
/* End XCRemoteSwiftPackageReference section */

/* Begin XCSwiftPackageProductDependency section */
		6F5EFCAA23CF3C84002DDCA4 /* BasicCleanArch */ = {
			isa = XCSwiftPackageProductDependency;
			package = 6F5EFCA923CF3C84002DDCA4 /* XCRemoteSwiftPackageReference "basiccleanarch-cocoapod" */;
			productName = BasicCleanArch;
		};
		6F5EFCAD23CF3CFC002DDCA4 /* Alamofire */ = {
			isa = XCSwiftPackageProductDependency;
			package = 6F5EFCAC23CF3CFC002DDCA4 /* XCRemoteSwiftPackageReference "Alamofire" */;
			productName = Alamofire;
		};
		6FCDC41523D0511200DCC8D6 /* URLImage */ = {
			isa = XCSwiftPackageProductDependency;
			package = 6FCDC41423D0511200DCC8D6 /* XCRemoteSwiftPackageReference "url-image" */;
			productName = URLImage;
		};
		6FE154A3257AE3BD006D1297 /* TunesearchMockCore */ = {
			isa = XCSwiftPackageProductDependency;
			package = 6FE154A2257AE3BD006D1297 /* XCRemoteSwiftPackageReference "explicitarchitecture-tunesearch-mockcore-spm" */;
			productName = TunesearchMockCore;
		};
/* End XCSwiftPackageProductDependency section */
	};
	rootObject = 6F5EFC7C23CEFF7F002DDCA4 /* Project object */;
}
