{
  "object": {
    "pins": [
      {
        "package": "Alamofire",
        "repositoryURL": "https://github.com/Alamofire/Alamofire.git",
        "state": {
          "branch": null,
          "revision": "9e0328127dfb801cefe8ac53a13c0c90a7770448",
          "version": "5.4.0"
        }
      },
      {
        "package": "ExplicitArchitecture",
        "repositoryURL": "https://github.com/RobinNunkesser/explicitarchitecture-spm.git",
        "state": {
          "branch": null,
          "revision": "22f239b1f42c9bb797341584aca94cc31484619a",
          "version": "0.0.1"
        }
      },
      {
        "package": "TunesearchCorePorts",
        "repositoryURL": "https://github.com/RobinNunkesser/explicitarchitecture-tunesearch-core-ports-spm",
        "state": {
          "branch": null,
          "revision": "232e611c99bcd8a82561bcf2a60dd6024ae41e34",
          "version": "0.0.3"
        }
      },
      {
        "package": "URLImage",
        "repositoryURL": "https://github.com/dmytro-anokhin/url-image",
        "state": {
          "branch": null,
          "revision": "5d3a5dc84f9bdf948d8b136f7a1b0099af68f114",
          "version": "0.9.9"
        }
      }
    ]
  },
  "version": 1
}
